
Microsoft Visual Studio Solution File, Format Version 12.00
# Visual Studio Version 17
VisualStudioVersion = 17.4.33213.308
MinimumVisualStudioVersion = 10.0.40219.1
Project("{FAE04EC0-301F-11D3-BF4B-00C04F79EFBC}") = "Entity", "Entity\Entity.csproj", "{2497DCE5-FE27-4A30-A602-456CD3D7044A}"
EndProject
Project("{FAE04EC0-301F-11D3-BF4B-00C04F79EFBC}") = "Business", "Business\Business.csproj", "{5CE38E6D-BA85-4F65-BAA2-C6E04508E830}"
EndProject
Project("{FAE04EC0-301F-11D3-BF4B-00C04F79EFBC}") = "Infrastructure", "Infrastructure\Infrastructure.csproj", "{4952D7CA-8BA4-45A9-BE32-A84622243C12}"
EndProject
Project("{FAE04EC0-301F-11D3-BF4B-00C04F79EFBC}") = "API", "API\API.csproj", "{1321DCE4-15A8-40B2-8AA8-BCE05C7BAA5B}"
EndProject
Global
	GlobalSection(SolutionConfigurationPlatforms) = preSolution
		Debug|Any CPU = Debug|Any CPU
		Release|Any CPU = Release|Any CPU
	EndGlobalSection
	GlobalSection(ProjectConfigurationPlatforms) = postSolution
		{2497DCE5-FE27-4A30-A602-456CD3D7044A}.Debug|Any CPU.ActiveCfg = Debug|Any CPU
		{2497DCE5-FE27-4A30-A602-456CD3D7044A}.Debug|Any CPU.Build.0 = Debug|Any CPU
		{2497DCE5-FE27-4A30-A602-456CD3D7044A}.Release|Any CPU.ActiveCfg = Release|Any CPU
		{2497DCE5-FE27-4A30-A602-456CD3D7044A}.Release|Any CPU.Build.0 = Release|Any CPU
		{5CE38E6D-BA85-4F65-BAA2-C6E04508E830}.Debug|Any CPU.ActiveCfg = Debug|Any CPU
		{5CE38E6D-BA85-4F65-BAA2-C6E04508E830}.Debug|Any CPU.Build.0 = Debug|Any CPU
		{5CE38E6D-BA85-4F65-BAA2-C6E04508E830}.Release|Any CPU.ActiveCfg = Release|Any CPU
		{5CE38E6D-BA85-4F65-BAA2-C6E04508E830}.Release|Any CPU.Build.0 = Release|Any CPU
		{4952D7CA-8BA4-45A9-BE32-A84622243C12}.Debug|Any CPU.ActiveCfg = Debug|Any CPU
		{4952D7CA-8BA4-45A9-BE32-A84622243C12}.Debug|Any CPU.Build.0 = Debug|Any CPU
		{4952D7CA-8BA4-45A9-BE32-A84622243C12}.Release|Any CPU.ActiveCfg = Release|Any CPU
		{4952D7CA-8BA4-45A9-BE32-A84622243C12}.Release|Any CPU.Build.0 = Release|Any CPU
		{1321DCE4-15A8-40B2-8AA8-BCE05C7BAA5B}.Debug|Any CPU.ActiveCfg = Debug|Any CPU
		{1321DCE4-15A8-40B2-8AA8-BCE05C7BAA5B}.Debug|Any CPU.Build.0 = Debug|Any CPU
		{1321DCE4-15A8-40B2-8AA8-BCE05C7BAA5B}.Release|Any CPU.ActiveCfg = Release|Any CPU
		{1321DCE4-15A8-40B2-8AA8-BCE05C7BAA5B}.Release|Any CPU.Build.0 = Release|Any CPU
	EndGlobalSection
	GlobalSection(SolutionProperties) = preSolution
		HideSolutionNode = FALSE
	EndGlobalSection
	GlobalSection(ExtensibilityGlobals) = postSolution
		SolutionGuid = {672D0878-06EF-4008-A35B-E17934CAC590}
	EndGlobalSection
EndGlobal
